
Microsoft Visual Studio Solution File, Format Version 12.00
# Visual Studio Version 17
VisualStudioVersion = 17.3.32929.385
MinimumVisualStudioVersion = 10.0.40219.1
Project("{FAE04EC0-301F-11D3-BF4B-00C04F79EFBC}") = "THA_W6_Calvin_T", "THA_W6_Calvin_T\THA_W6_Calvin_T.csproj", "{324D1AC6-3D08-4CCF-9CD5-8B9E5F863AFF}"
EndProject
Global
	GlobalSection(SolutionConfigurationPlatforms) = preSolution
		Debug|Any CPU = Debug|Any CPU
		Release|Any CPU = Release|Any CPU
	EndGlobalSection
	GlobalSection(ProjectConfigurationPlatforms) = postSolution
		{324D1AC6-3D08-4CCF-9CD5-8B9E5F863AFF}.Debug|Any CPU.ActiveCfg = Debug|Any CPU
		{324D1AC6-3D08-4CCF-9CD5-8B9E5F863AFF}.Debug|Any CPU.Build.0 = Debug|Any CPU
		{324D1AC6-3D08-4CCF-9CD5-8B9E5F863AFF}.Release|Any CPU.ActiveCfg = Release|Any CPU
		{324D1AC6-3D08-4CCF-9CD5-8B9E5F863AFF}.Release|Any CPU.Build.0 = Release|Any CPU
	EndGlobalSection
	GlobalSection(SolutionProperties) = preSolution
		HideSolutionNode = FALSE
	EndGlobalSection
	GlobalSection(ExtensibilityGlobals) = postSolution
		SolutionGuid = {14D6B001-7E4F-470F-9219-AC4CE9A21841}
	EndGlobalSection
EndGlobal
